
Microsoft Visual Studio Solution File, Format Version 12.00
# Visual Studio Version 17
VisualStudioVersion = 17.14.36109.1 d17.14
MinimumVisualStudioVersion = 10.0.40219.1
Project("{FAE04EC0-301F-11D3-BF4B-00C04F79EFBC}") = "Consol ATM", "Consol ATM\Consol ATM.csproj", "{893A1FE9-40D4-4630-BED7-DD5640EA48EA}"
EndProject
Global
	GlobalSection(SolutionConfigurationPlatforms) = preSolution
		Debug|Any CPU = Debug|Any CPU
		Release|Any CPU = Release|Any CPU
	EndGlobalSection
	GlobalSection(ProjectConfigurationPlatforms) = postSolution
		{893A1FE9-40D4-4630-BED7-DD5640EA48EA}.Debug|Any CPU.ActiveCfg = Debug|Any CPU
		{893A1FE9-40D4-4630-BED7-DD5640EA48EA}.Debug|Any CPU.Build.0 = Debug|Any CPU
		{893A1FE9-40D4-4630-BED7-DD5640EA48EA}.Release|Any CPU.ActiveCfg = Release|Any CPU
		{893A1FE9-40D4-4630-BED7-DD5640EA48EA}.Release|Any CPU.Build.0 = Release|Any CPU
	EndGlobalSection
	GlobalSection(SolutionProperties) = preSolution
		HideSolutionNode = FALSE
	EndGlobalSection
	GlobalSection(ExtensibilityGlobals) = postSolution
		SolutionGuid = {434ED2FE-CFE6-4382-A484-23125A414255}
	EndGlobalSection
EndGlobal
